
Microsoft Visual Studio Solution File, Format Version 12.00
# Visual Studio Version 17
VisualStudioVersion = 17.13.35806.99 d17.13
MinimumVisualStudioVersion = 10.0.40219.1
Project("{FAE04EC0-301F-11D3-BF4B-00C04F79EFBC}") = "SistemasOrdenacao", "SistemasOrdenacao.csproj", "{0C9E7FFE-C77D-42C4-954B-04FA8CAFF27C}"
EndProject
Global
	GlobalSection(SolutionConfigurationPlatforms) = preSolution
		Debug|Any CPU = Debug|Any CPU
		Release|Any CPU = Release|Any CPU
	EndGlobalSection
	GlobalSection(ProjectConfigurationPlatforms) = postSolution
		{0C9E7FFE-C77D-42C4-954B-04FA8CAFF27C}.Debug|Any CPU.ActiveCfg = Debug|Any CPU
		{0C9E7FFE-C77D-42C4-954B-04FA8CAFF27C}.Debug|Any CPU.Build.0 = Debug|Any CPU
		{0C9E7FFE-C77D-42C4-954B-04FA8CAFF27C}.Release|Any CPU.ActiveCfg = Release|Any CPU
		{0C9E7FFE-C77D-42C4-954B-04FA8CAFF27C}.Release|Any CPU.Build.0 = Release|Any CPU
	EndGlobalSection
	GlobalSection(SolutionProperties) = preSolution
		HideSolutionNode = FALSE
	EndGlobalSection
	GlobalSection(ExtensibilityGlobals) = postSolution
		SolutionGuid = {E49CBD3F-D9C5-49A5-BBCC-3C9322BAB46A}
	EndGlobalSection
EndGlobal
