
Microsoft Visual Studio Solution File, Format Version 12.00
# Visual Studio Version 17
VisualStudioVersion = 17.13.35806.99 d17.13
MinimumVisualStudioVersion = 10.0.40219.1
Project("{FAE04EC0-301F-11D3-BF4B-00C04F79EFBC}") = "ExercicioAvl", "ExercicioAvl.csproj", "{1296A426-A381-4D3A-90B7-BF0713A2EDC6}"
EndProject
Global
	GlobalSection(SolutionConfigurationPlatforms) = preSolution
		Debug|Any CPU = Debug|Any CPU
		Release|Any CPU = Release|Any CPU
	EndGlobalSection
	GlobalSection(ProjectConfigurationPlatforms) = postSolution
		{1296A426-A381-4D3A-90B7-BF0713A2EDC6}.Debug|Any CPU.ActiveCfg = Debug|Any CPU
		{1296A426-A381-4D3A-90B7-BF0713A2EDC6}.Debug|Any CPU.Build.0 = Debug|Any CPU
		{1296A426-A381-4D3A-90B7-BF0713A2EDC6}.Release|Any CPU.ActiveCfg = Release|Any CPU
		{1296A426-A381-4D3A-90B7-BF0713A2EDC6}.Release|Any CPU.Build.0 = Release|Any CPU
	EndGlobalSection
	GlobalSection(SolutionProperties) = preSolution
		HideSolutionNode = FALSE
	EndGlobalSection
	GlobalSection(ExtensibilityGlobals) = postSolution
		SolutionGuid = {ADEC0DE3-A8F5-4035-85C1-E7FB404480BE}
	EndGlobalSection
EndGlobal
